
Microsoft Visual Studio Solution File, Format Version 12.00
# Visual Studio 15
VisualStudioVersion = 15.0.28010.2016
MinimumVisualStudioVersion = 10.0.40219.1
Project("{FAE04EC0-301F-11D3-BF4B-00C04F79EFBC}") = "Bubblebutt", "Bubblebutt\Bubblebutt.csproj", "{C705C4A1-A7DA-4766-9E7B-8EC879E79C29}"
EndProject
Project("{FAE04EC0-301F-11D3-BF4B-00C04F79EFBC}") = "UnitTestProject1", "UnitTestProject1\UnitTestProject1.csproj", "{08B1296B-BAFB-444F-ADB6-18F573346FFF}"
EndProject
Global
	GlobalSection(SolutionConfigurationPlatforms) = preSolution
		Debug|Any CPU = Debug|Any CPU
		Release|Any CPU = Release|Any CPU
	EndGlobalSection
	GlobalSection(ProjectConfigurationPlatforms) = postSolution
		{C705C4A1-A7DA-4766-9E7B-8EC879E79C29}.Debug|Any CPU.ActiveCfg = Debug|Any CPU
		{C705C4A1-A7DA-4766-9E7B-8EC879E79C29}.Debug|Any CPU.Build.0 = Debug|Any CPU
		{C705C4A1-A7DA-4766-9E7B-8EC879E79C29}.Release|Any CPU.ActiveCfg = Release|Any CPU
		{C705C4A1-A7DA-4766-9E7B-8EC879E79C29}.Release|Any CPU.Build.0 = Release|Any CPU
		{08B1296B-BAFB-444F-ADB6-18F573346FFF}.Debug|Any CPU.ActiveCfg = Debug|Any CPU
		{08B1296B-BAFB-444F-ADB6-18F573346FFF}.Debug|Any CPU.Build.0 = Debug|Any CPU
		{08B1296B-BAFB-444F-ADB6-18F573346FFF}.Release|Any CPU.ActiveCfg = Release|Any CPU
		{08B1296B-BAFB-444F-ADB6-18F573346FFF}.Release|Any CPU.Build.0 = Release|Any CPU
	EndGlobalSection
	GlobalSection(SolutionProperties) = preSolution
		HideSolutionNode = FALSE
	EndGlobalSection
	GlobalSection(ExtensibilityGlobals) = postSolution
		SolutionGuid = {700AF621-C65F-457A-A239-ABCB0DDF7D14}
	EndGlobalSection
EndGlobal
